{
  "socketPath": "\\\\.\\pipe\\mcp-27d44d1d-b59e-479f-85b7-367680f0a152.sock",
  "scheme": "pipe",
  "headers": {
    "Authorization": "Nonce fb674253-d4c2-4f69-b19a-6982444ddd98"
  },
  "pid": 6060,
  "ideName": "Visual Studio Code",
  "timestamp": 1783014920136,
  "workspaceFolders": [
    "c:\\Users\\Jahnavi\\.copilot"
  ],
  "isTrusted": true
}